
Microsoft Visual Studio Solution File, Format Version 12.00
# Visual Studio 15
VisualStudioVersion = 15.0.26430.15
MinimumVisualStudioVersion = 10.0.40219.1
Project("{00D1A9C2-B5F0-4AF3-8072-F6C62B433612}") = "SQLMusicHistory", "SQLMusicHistory.sqlproj", "{B4B52DF3-659B-4C80-98CE-0425ABC1E8BA}"
EndProject
Global
	GlobalSection(SolutionConfigurationPlatforms) = preSolution
		Debug|Any CPU = Debug|Any CPU
		Release|Any CPU = Release|Any CPU
	EndGlobalSection
	GlobalSection(ProjectConfigurationPlatforms) = postSolution
		{B4B52DF3-659B-4C80-98CE-0425ABC1E8BA}.Debug|Any CPU.ActiveCfg = Debug|Any CPU
		{B4B52DF3-659B-4C80-98CE-0425ABC1E8BA}.Debug|Any CPU.Build.0 = Debug|Any CPU
		{B4B52DF3-659B-4C80-98CE-0425ABC1E8BA}.Debug|Any CPU.Deploy.0 = Debug|Any CPU
		{B4B52DF3-659B-4C80-98CE-0425ABC1E8BA}.Release|Any CPU.ActiveCfg = Release|Any CPU
		{B4B52DF3-659B-4C80-98CE-0425ABC1E8BA}.Release|Any CPU.Build.0 = Release|Any CPU
		{B4B52DF3-659B-4C80-98CE-0425ABC1E8BA}.Release|Any CPU.Deploy.0 = Release|Any CPU
	EndGlobalSection
	GlobalSection(SolutionProperties) = preSolution
		HideSolutionNode = FALSE
	EndGlobalSection
EndGlobal
